# THIS IS AN AUTOGENERATED FILE. DO NOT EDIT THIS FILE DIRECTLY.
# yarn lockfile v1


"@romain-faust/prettier-config@~1.0.2":
  version "1.0.2"
  resolved "https://registry.yarnpkg.com/@romain-faust/prettier-config/-/prettier-config-1.0.2.tgz#4c2d2cfe251678aa2a6bce295e472d49ab90e6ce"
  integrity sha512-7jkyfYNjEosi6fTmq7zHUaZxv5A3ChtsIocPQ3xf1vTNW2Mf7mIy7o5doeFNTy1TWOlmtbMKmfEHwWhmcgTVBA==

prettier@~2.0.5:
  version "2.0.5"
  resolved "https://registry.yarnpkg.com/prettier/-/prettier-2.0.5.tgz#d6d56282455243f2f92cc1716692c08aa31522d4"
  integrity sha512-7PtVymN48hGcO4fGjybyBSIWDsLU4H4XlvOHfq91pz9kkGlonzwTfYkaIEwiRg/dAJF9YlbsduBAgtYLi+8cFg==
